
Microsoft Visual Studio Solution File, Format Version 12.00
# Visual Studio Version 17
VisualStudioVersion = 17.5.002.0
MinimumVisualStudioVersion = 10.0.40219.1
Project("{9A19103F-16F7-4668-BE54-9A1E7A4F7556}") = "Ultracar", "Ultracar.csproj", "{A429CEA3-8E44-45DF-89C1-464E2A7B7AE5}"
EndProject
Global
	GlobalSection(SolutionConfigurationPlatforms) = preSolution
		Debug|Any CPU = Debug|Any CPU
		Release|Any CPU = Release|Any CPU
	EndGlobalSection
	GlobalSection(ProjectConfigurationPlatforms) = postSolution
		{A429CEA3-8E44-45DF-89C1-464E2A7B7AE5}.Debug|Any CPU.ActiveCfg = Debug|Any CPU
		{A429CEA3-8E44-45DF-89C1-464E2A7B7AE5}.Debug|Any CPU.Build.0 = Debug|Any CPU
		{A429CEA3-8E44-45DF-89C1-464E2A7B7AE5}.Release|Any CPU.ActiveCfg = Release|Any CPU
		{A429CEA3-8E44-45DF-89C1-464E2A7B7AE5}.Release|Any CPU.Build.0 = Release|Any CPU
	EndGlobalSection
	GlobalSection(SolutionProperties) = preSolution
		HideSolutionNode = FALSE
	EndGlobalSection
	GlobalSection(ExtensibilityGlobals) = postSolution
		SolutionGuid = {491D79EB-2C45-4473-BFDA-BB55DD95E6D5}
	EndGlobalSection
EndGlobal
